<Solution>
  <Folder Name="/Novolis.Hours.Avalonia/">
    <Project Path="Novolis.Hours.Avalonia/Novolis.Hours.Avalonia.csproj" />
  </Folder>
  <Folder Name="/Novolis.Hours.Client/">
    <Project Path="Novolis.Hours.Client/Novolis.Hours.Client.csproj" />
  </Folder>
  <Folder Name="/Novolis.Hours.Cli/">
    <Project Path="Novolis.Hours.Cli/Novolis.Hours.Cli.csproj" />
  </Folder>
  <Folder Name="/Novolis.Hours.Domain/">
    <Project Path="Novolis.Hours.Domain/Novolis.Hours.Domain.csproj" />
  </Folder>
  <Folder Name="/Novolis.Hours.Infrastructure/">
    <Project Path="Novolis.Hours.Infrastructure/Novolis.Hours.Infrastructure.csproj" />
  </Folder>
  <Folder Name="/Novolis.Hours.Server/">
    <Project Path="Novolis.Hours.Server/Novolis.Hours.Server.csproj" />
  </Folder>
  <Folder Name="/tests/">
    <Project Path="../../tests/Novolis.Hours.FeatureTests/Novolis.Hours.FeatureTests.csproj" />
  </Folder>
</Solution>
