<Solution>
  <Folder Name="/Novolis.Hours.Client/">
    <Project Path="Novolis.Hours.Client/Novolis.Hours.Client.csproj" />
  </Folder>
  <Folder Name="/Novolis.Hours.Server/">
    <Project Path="Novolis.Hours.Server/Novolis.Hours.Server.csproj" />
  </Folder>
  <Folder Name="/tests/">
    <Project Path="../../tests/Novolis.Hours.FeatureTests/Novolis.Hours.FeatureTests.csproj" />
  </Folder>
</Solution>
